
Microsoft Visual Studio Solution File, Format Version 12.00
# Visual Studio Version 17
VisualStudioVersion = 17.1.32414.318
MinimumVisualStudioVersion = 10.0.40219.1
Project("{FAE04EC0-301F-11D3-BF4B-00C04F79EFBC}") = "StoreApp", "StoreApp\StoreApp.csproj", "{60510753-CF6E-42EF-A4EA-BA5AD45E60CA}"
EndProject
Project("{FAE04EC0-301F-11D3-BF4B-00C04F79EFBC}") = "StoreLib", "StoreLib\StoreLib.csproj", "{C927AAFF-825C-46D7-A9F3-D11A9254B686}"
EndProject
Project("{FAE04EC0-301F-11D3-BF4B-00C04F79EFBC}") = "StoreLib.Tests", "StoreLib.Tests\StoreLib.Tests.csproj", "{86C8DAA2-C502-44CE-8D3F-332C805E5665}"
EndProject
Global
	GlobalSection(SolutionConfigurationPlatforms) = preSolution
		Debug|Any CPU = Debug|Any CPU
		Release|Any CPU = Release|Any CPU
	EndGlobalSection
	GlobalSection(ProjectConfigurationPlatforms) = postSolution
		{60510753-CF6E-42EF-A4EA-BA5AD45E60CA}.Debug|Any CPU.ActiveCfg = Debug|Any CPU
		{60510753-CF6E-42EF-A4EA-BA5AD45E60CA}.Debug|Any CPU.Build.0 = Debug|Any CPU
		{60510753-CF6E-42EF-A4EA-BA5AD45E60CA}.Release|Any CPU.ActiveCfg = Release|Any CPU
		{60510753-CF6E-42EF-A4EA-BA5AD45E60CA}.Release|Any CPU.Build.0 = Release|Any CPU
		{C927AAFF-825C-46D7-A9F3-D11A9254B686}.Debug|Any CPU.ActiveCfg = Debug|Any CPU
		{C927AAFF-825C-46D7-A9F3-D11A9254B686}.Debug|Any CPU.Build.0 = Debug|Any CPU
		{C927AAFF-825C-46D7-A9F3-D11A9254B686}.Release|Any CPU.ActiveCfg = Release|Any CPU
		{C927AAFF-825C-46D7-A9F3-D11A9254B686}.Release|Any CPU.Build.0 = Release|Any CPU
		{86C8DAA2-C502-44CE-8D3F-332C805E5665}.Debug|Any CPU.ActiveCfg = Debug|Any CPU
		{86C8DAA2-C502-44CE-8D3F-332C805E5665}.Debug|Any CPU.Build.0 = Debug|Any CPU
		{86C8DAA2-C502-44CE-8D3F-332C805E5665}.Release|Any CPU.ActiveCfg = Release|Any CPU
		{86C8DAA2-C502-44CE-8D3F-332C805E5665}.Release|Any CPU.Build.0 = Release|Any CPU
	EndGlobalSection
	GlobalSection(SolutionProperties) = preSolution
		HideSolutionNode = FALSE
	EndGlobalSection
	GlobalSection(ExtensibilityGlobals) = postSolution
		SolutionGuid = {36DB5BB2-D9B0-478C-AE0D-EFD00C16B246}
	EndGlobalSection
EndGlobal
